{
  "meteor": {},
  "dependencies": {
    "basePackages": {
      "blaze-layout": {},
      "iron-router-progress": {
        "git": "https://github.com/Multiply/iron-router-progress.git",
        "branch": "blaze-integration"
      }
    },
    "packages": {
      "blaze-layout": {
        "git": "https://github.com/EventedMind/blaze-layout.git",
        "tag": "v0.2.2",
        "commit": "8bc53798fe5965669ae67c72f91829fcfdceabfd"
      },
      "iron-router-progress": {
        "git": "https://github.com/Multiply/iron-router-progress.git",
        "branch": "blaze-integration",
        "commit": "a44eabab9f23b86c42c680cce90b6007fdd7f613"
      }
    }
  }
}
